
Microsoft Visual Studio Solution File, Format Version 12.00
# Visual Studio Version 16
VisualStudioVersion = 16.0.32228.343
MinimumVisualStudioVersion = 10.0.40219.1
Project("{FAE04EC0-301F-11D3-BF4B-00C04F79EFBC}") = "WebCore1", "WebCore1\WebCore1.csproj", "{E70483DD-0419-4021-9BF8-F600CB1470CF}"
EndProject
Global
	GlobalSection(SolutionConfigurationPlatforms) = preSolution
		Debug|Any CPU = Debug|Any CPU
		Release|Any CPU = Release|Any CPU
	EndGlobalSection
	GlobalSection(ProjectConfigurationPlatforms) = postSolution
		{E70483DD-0419-4021-9BF8-F600CB1470CF}.Debug|Any CPU.ActiveCfg = Debug|Any CPU
		{E70483DD-0419-4021-9BF8-F600CB1470CF}.Debug|Any CPU.Build.0 = Debug|Any CPU
		{E70483DD-0419-4021-9BF8-F600CB1470CF}.Release|Any CPU.ActiveCfg = Release|Any CPU
		{E70483DD-0419-4021-9BF8-F600CB1470CF}.Release|Any CPU.Build.0 = Release|Any CPU
	EndGlobalSection
	GlobalSection(SolutionProperties) = preSolution
		HideSolutionNode = FALSE
	EndGlobalSection
	GlobalSection(ExtensibilityGlobals) = postSolution
		SolutionGuid = {E94FB417-AC1C-4307-87E0-A2E32B7F26A1}
	EndGlobalSection
EndGlobal
