
Microsoft Visual Studio Solution File, Format Version 12.00
# Visual Studio Version 16
VisualStudioVersion = 16.0.32228.343
MinimumVisualStudioVersion = 10.0.40219.1
Project("{FAE04EC0-301F-11D3-BF4B-00C04F79EFBC}") = "WebCore2", "WebCore2\WebCore2.csproj", "{AEBF4CFC-8512-4A7A-B1A8-39FA5412FDAB}"
EndProject
Global
	GlobalSection(SolutionConfigurationPlatforms) = preSolution
		Debug|Any CPU = Debug|Any CPU
		Release|Any CPU = Release|Any CPU
	EndGlobalSection
	GlobalSection(ProjectConfigurationPlatforms) = postSolution
		{AEBF4CFC-8512-4A7A-B1A8-39FA5412FDAB}.Debug|Any CPU.ActiveCfg = Debug|Any CPU
		{AEBF4CFC-8512-4A7A-B1A8-39FA5412FDAB}.Debug|Any CPU.Build.0 = Debug|Any CPU
		{AEBF4CFC-8512-4A7A-B1A8-39FA5412FDAB}.Release|Any CPU.ActiveCfg = Release|Any CPU
		{AEBF4CFC-8512-4A7A-B1A8-39FA5412FDAB}.Release|Any CPU.Build.0 = Release|Any CPU
	EndGlobalSection
	GlobalSection(SolutionProperties) = preSolution
		HideSolutionNode = FALSE
	EndGlobalSection
	GlobalSection(ExtensibilityGlobals) = postSolution
		SolutionGuid = {3990CEEB-DFC7-4924-8291-F5E54B4CEF97}
	EndGlobalSection
EndGlobal
